
Microsoft Visual Studio Solution File, Format Version 12.00
# Visual Studio 14
VisualStudioVersion = 14.0.25420.1
MinimumVisualStudioVersion = 10.0.40219.1
Project("{FAE04EC0-301F-11D3-BF4B-00C04F79EFBC}") = "FileIO", "FileIO\FileIO.csproj", "{53B26429-94D2-4209-8641-BB658D8FFC84}"
EndProject
Project("{FAE04EC0-301F-11D3-BF4B-00C04F79EFBC}") = "PublicDomain.ZoneInfo", "PublicDomain.ZoneInfo\PublicDomain.ZoneInfo.csproj", "{71C0D49E-F8DE-426C-920C-35308D6EADCC}"
EndProject
Project("{00D1A9C2-B5F0-4AF3-8072-F6C62B433612}") = "Sql.UDF.Codes", "Sql.UDF.Codes\Sql.UDF.Codes.sqlproj", "{C49A208C-9128-4915-AFB9-57B27737A665}"
EndProject
Project("{00D1A9C2-B5F0-4AF3-8072-F6C62B433612}") = "Sql.UDF.GUI", "Sql.UDF.GUI\Sql.UDF.GUI.sqlproj", "{FD711247-165D-43A2-A270-13347C001ED2}"
EndProject
Project("{00D1A9C2-B5F0-4AF3-8072-F6C62B433612}") = "Sql.UDF.HTTPRequest", "Sql.UDF.HTTPRequest\Sql.UDF.HTTPRequest.sqlproj", "{E3AFD7C7-357A-4F55-9C36-06FC46A4C3A9}"
EndProject
Project("{00D1A9C2-B5F0-4AF3-8072-F6C62B433612}") = "Sql.UDF.Pubs", "Sql.UDF.Pubs\Sql.UDF.Pubs.sqlproj", "{DD3956AC-F594-404B-809A-A64227F2D25A}"
EndProject
Project("{00D1A9C2-B5F0-4AF3-8072-F6C62B433612}") = "Sql.UDF.Pubs.Arrays", "Sql.UDF.Pubs.Arrays\Sql.UDF.Pubs.Arrays.sqlproj", "{E71C5940-1AF0-49BD-9565-1E1E725C1EF4}"
EndProject
Project("{00D1A9C2-B5F0-4AF3-8072-F6C62B433612}") = "Sql.UDF.Pubs.Formats", "Sql.UDF.Pubs.Formats\Sql.UDF.Pubs.Formats.sqlproj", "{14A8E5EC-4AC6-4422-948A-97F17C341258}"
EndProject
Project("{00D1A9C2-B5F0-4AF3-8072-F6C62B433612}") = "Sql.UDF.Pubs.Dates", "Sql.UDF.Pubs.Dates\Sql.UDF.Pubs.Dates.sqlproj", "{6B789E76-0E81-4B50-834C-12FD5C5ACD34}"
EndProject
Project("{00D1A9C2-B5F0-4AF3-8072-F6C62B433612}") = "Sql.UDF.Pubs.Strings", "Sql.UDF.Pubs.Strings\Sql.UDF.Pubs.Strings.sqlproj", "{92CF953D-753F-4A17-936E-939BDFAC87B3}"
EndProject
Project("{00D1A9C2-B5F0-4AF3-8072-F6C62B433612}") = "Sql.UDF.RegEx", "Sql.UDF.RegEx\Sql.UDF.RegEx.sqlproj", "{27956D2A-1F19-47D7-A94B-37CBA1682411}"
EndProject
Project("{00D1A9C2-B5F0-4AF3-8072-F6C62B433612}") = "Sql.UDF.SOAPRequest", "Sql.UDF.SOAPRequest\Sql.UDF.SOAPRequest.sqlproj", "{420230F5-9D35-42E3-8A73-30E5B1E46EA7}"
EndProject
Project("{00D1A9C2-B5F0-4AF3-8072-F6C62B433612}") = "Sql.UDF.TimeZones", "Sql.UDF.TimeZones\Sql.UDF.TimeZones.sqlproj", "{AB72D98B-A2D0-4CF2-B53D-A057D96BFCDA}"
EndProject
Project("{00D1A9C2-B5F0-4AF3-8072-F6C62B433612}") = "Sql.UDF.XmlParams", "Sql.UDF.XmlParams\Sql.UDF.XmlParams.sqlproj", "{E9850C0E-29D9-4681-8887-2367A35E8ADB}"
EndProject
Project("{00D1A9C2-B5F0-4AF3-8072-F6C62B433612}") = "Sql.UDF.XmlRecords", "Sql.UDF.XmlRecords\Sql.UDF.XmlRecords.sqlproj", "{6C419100-8AA6-49D4-8FBC-5341389EE356}"
EndProject
Project("{00D1A9C2-B5F0-4AF3-8072-F6C62B433612}") = "Sql.UDP.GetResults", "Sql.UDP.GetResults\Sql.UDP.GetResults.sqlproj", "{70546FE5-A32D-4045-8E54-555F7B612825}"
EndProject
Project("{00D1A9C2-B5F0-4AF3-8072-F6C62B433612}") = "TLink", "Sql.UDT.TLink\TLink.sqlproj", "{48DEEE7B-FA84-41F8-8BAE-84A8061B91D5}"
EndProject
Project("{00D1A9C2-B5F0-4AF3-8072-F6C62B433612}") = "TList", "Sql.UDT.TList\TList.sqlproj", "{708A8542-6251-468F-9357-5D781A8D6130}"
EndProject
Project("{00D1A9C2-B5F0-4AF3-8072-F6C62B433612}") = "TParams", "Sql.UDT.TParams\TParams.sqlproj", "{2D1BC713-EBC9-4521-93FD-D776D200895A}"
EndProject
Project("{00D1A9C2-B5F0-4AF3-8072-F6C62B433612}") = "TParams_EMPTY", "Sql.UDT.TParams - EMPTY\TParams_EMPTY.sqlproj", "{38EE872D-23F9-4EC8-BD48-0A80A99665FE}"
EndProject
Project("{00D1A9C2-B5F0-4AF3-8072-F6C62B433612}") = "TPrivileges", "Sql.UDT.TPrivileges\TPrivileges.sqlproj", "{14DA8542-177B-482F-9F26-758B782EE6DC}"
EndProject
Project("{00D1A9C2-B5F0-4AF3-8072-F6C62B433612}") = "TWho", "Sql.UDT.TWho\TWho.sqlproj", "{3855C026-7F29-4E3C-99EB-AD22A073919B}"
EndProject
Project("{FAE04EC0-301F-11D3-BF4B-00C04F79EFBC}") = "INT.TParams", "Sql.INT.TParams\INT.TParams.csproj", "{FF7AC0C5-49D2-409D-80F3-4B92F7972A49}"
EndProject
Global
	GlobalSection(SolutionConfigurationPlatforms) = preSolution
		Debug|Any CPU = Debug|Any CPU
		Release|Any CPU = Release|Any CPU
	EndGlobalSection
	GlobalSection(ProjectConfigurationPlatforms) = postSolution
		{53B26429-94D2-4209-8641-BB658D8FFC84}.Debug|Any CPU.ActiveCfg = Debug|Any CPU
		{53B26429-94D2-4209-8641-BB658D8FFC84}.Debug|Any CPU.Build.0 = Debug|Any CPU
		{53B26429-94D2-4209-8641-BB658D8FFC84}.Release|Any CPU.ActiveCfg = Release|Any CPU
		{53B26429-94D2-4209-8641-BB658D8FFC84}.Release|Any CPU.Build.0 = Release|Any CPU
		{71C0D49E-F8DE-426C-920C-35308D6EADCC}.Debug|Any CPU.ActiveCfg = Debug|Any CPU
		{71C0D49E-F8DE-426C-920C-35308D6EADCC}.Debug|Any CPU.Build.0 = Debug|Any CPU
		{71C0D49E-F8DE-426C-920C-35308D6EADCC}.Release|Any CPU.ActiveCfg = Release|Any CPU
		{71C0D49E-F8DE-426C-920C-35308D6EADCC}.Release|Any CPU.Build.0 = Release|Any CPU
		{C49A208C-9128-4915-AFB9-57B27737A665}.Debug|Any CPU.ActiveCfg = Debug|Any CPU
		{C49A208C-9128-4915-AFB9-57B27737A665}.Debug|Any CPU.Build.0 = Debug|Any CPU
		{C49A208C-9128-4915-AFB9-57B27737A665}.Debug|Any CPU.Deploy.0 = Debug|Any CPU
		{C49A208C-9128-4915-AFB9-57B27737A665}.Release|Any CPU.ActiveCfg = Release|Any CPU
		{C49A208C-9128-4915-AFB9-57B27737A665}.Release|Any CPU.Build.0 = Release|Any CPU
		{C49A208C-9128-4915-AFB9-57B27737A665}.Release|Any CPU.Deploy.0 = Release|Any CPU
		{FD711247-165D-43A2-A270-13347C001ED2}.Debug|Any CPU.ActiveCfg = Debug|Any CPU
		{FD711247-165D-43A2-A270-13347C001ED2}.Debug|Any CPU.Build.0 = Debug|Any CPU
		{FD711247-165D-43A2-A270-13347C001ED2}.Debug|Any CPU.Deploy.0 = Debug|Any CPU
		{FD711247-165D-43A2-A270-13347C001ED2}.Release|Any CPU.ActiveCfg = Release|Any CPU
		{FD711247-165D-43A2-A270-13347C001ED2}.Release|Any CPU.Build.0 = Release|Any CPU
		{FD711247-165D-43A2-A270-13347C001ED2}.Release|Any CPU.Deploy.0 = Release|Any CPU
		{E3AFD7C7-357A-4F55-9C36-06FC46A4C3A9}.Debug|Any CPU.ActiveCfg = Debug|Any CPU
		{E3AFD7C7-357A-4F55-9C36-06FC46A4C3A9}.Debug|Any CPU.Build.0 = Debug|Any CPU
		{E3AFD7C7-357A-4F55-9C36-06FC46A4C3A9}.Debug|Any CPU.Deploy.0 = Debug|Any CPU
		{E3AFD7C7-357A-4F55-9C36-06FC46A4C3A9}.Release|Any CPU.ActiveCfg = Release|Any CPU
		{E3AFD7C7-357A-4F55-9C36-06FC46A4C3A9}.Release|Any CPU.Build.0 = Release|Any CPU
		{E3AFD7C7-357A-4F55-9C36-06FC46A4C3A9}.Release|Any CPU.Deploy.0 = Release|Any CPU
		{DD3956AC-F594-404B-809A-A64227F2D25A}.Debug|Any CPU.ActiveCfg = Debug|Any CPU
		{DD3956AC-F594-404B-809A-A64227F2D25A}.Debug|Any CPU.Build.0 = Debug|Any CPU
		{DD3956AC-F594-404B-809A-A64227F2D25A}.Debug|Any CPU.Deploy.0 = Debug|Any CPU
		{DD3956AC-F594-404B-809A-A64227F2D25A}.Release|Any CPU.ActiveCfg = Release|Any CPU
		{DD3956AC-F594-404B-809A-A64227F2D25A}.Release|Any CPU.Build.0 = Release|Any CPU
		{DD3956AC-F594-404B-809A-A64227F2D25A}.Release|Any CPU.Deploy.0 = Release|Any CPU
		{E71C5940-1AF0-49BD-9565-1E1E725C1EF4}.Debug|Any CPU.ActiveCfg = Debug|Any CPU
		{E71C5940-1AF0-49BD-9565-1E1E725C1EF4}.Debug|Any CPU.Build.0 = Debug|Any CPU
		{E71C5940-1AF0-49BD-9565-1E1E725C1EF4}.Debug|Any CPU.Deploy.0 = Debug|Any CPU
		{E71C5940-1AF0-49BD-9565-1E1E725C1EF4}.Release|Any CPU.ActiveCfg = Release|Any CPU
		{E71C5940-1AF0-49BD-9565-1E1E725C1EF4}.Release|Any CPU.Build.0 = Release|Any CPU
		{E71C5940-1AF0-49BD-9565-1E1E725C1EF4}.Release|Any CPU.Deploy.0 = Release|Any CPU
		{14A8E5EC-4AC6-4422-948A-97F17C341258}.Debug|Any CPU.ActiveCfg = Debug|Any CPU
		{14A8E5EC-4AC6-4422-948A-97F17C341258}.Debug|Any CPU.Build.0 = Debug|Any CPU
		{14A8E5EC-4AC6-4422-948A-97F17C341258}.Debug|Any CPU.Deploy.0 = Debug|Any CPU
		{14A8E5EC-4AC6-4422-948A-97F17C341258}.Release|Any CPU.ActiveCfg = Release|Any CPU
		{14A8E5EC-4AC6-4422-948A-97F17C341258}.Release|Any CPU.Build.0 = Release|Any CPU
		{14A8E5EC-4AC6-4422-948A-97F17C341258}.Release|Any CPU.Deploy.0 = Release|Any CPU
		{6B789E76-0E81-4B50-834C-12FD5C5ACD34}.Debug|Any CPU.ActiveCfg = Debug|Any CPU
		{6B789E76-0E81-4B50-834C-12FD5C5ACD34}.Debug|Any CPU.Build.0 = Debug|Any CPU
		{6B789E76-0E81-4B50-834C-12FD5C5ACD34}.Debug|Any CPU.Deploy.0 = Debug|Any CPU
		{6B789E76-0E81-4B50-834C-12FD5C5ACD34}.Release|Any CPU.ActiveCfg = Release|Any CPU
		{6B789E76-0E81-4B50-834C-12FD5C5ACD34}.Release|Any CPU.Build.0 = Release|Any CPU
		{6B789E76-0E81-4B50-834C-12FD5C5ACD34}.Release|Any CPU.Deploy.0 = Release|Any CPU
		{92CF953D-753F-4A17-936E-939BDFAC87B3}.Debug|Any CPU.ActiveCfg = Debug|Any CPU
		{92CF953D-753F-4A17-936E-939BDFAC87B3}.Debug|Any CPU.Build.0 = Debug|Any CPU
		{92CF953D-753F-4A17-936E-939BDFAC87B3}.Debug|Any CPU.Deploy.0 = Debug|Any CPU
		{92CF953D-753F-4A17-936E-939BDFAC87B3}.Release|Any CPU.ActiveCfg = Release|Any CPU
		{92CF953D-753F-4A17-936E-939BDFAC87B3}.Release|Any CPU.Build.0 = Release|Any CPU
		{92CF953D-753F-4A17-936E-939BDFAC87B3}.Release|Any CPU.Deploy.0 = Release|Any CPU
		{27956D2A-1F19-47D7-A94B-37CBA1682411}.Debug|Any CPU.ActiveCfg = Debug|Any CPU
		{27956D2A-1F19-47D7-A94B-37CBA1682411}.Debug|Any CPU.Build.0 = Debug|Any CPU
		{27956D2A-1F19-47D7-A94B-37CBA1682411}.Debug|Any CPU.Deploy.0 = Debug|Any CPU
		{27956D2A-1F19-47D7-A94B-37CBA1682411}.Release|Any CPU.ActiveCfg = Release|Any CPU
		{27956D2A-1F19-47D7-A94B-37CBA1682411}.Release|Any CPU.Build.0 = Release|Any CPU
		{27956D2A-1F19-47D7-A94B-37CBA1682411}.Release|Any CPU.Deploy.0 = Release|Any CPU
		{420230F5-9D35-42E3-8A73-30E5B1E46EA7}.Debug|Any CPU.ActiveCfg = Debug|Any CPU
		{420230F5-9D35-42E3-8A73-30E5B1E46EA7}.Debug|Any CPU.Build.0 = Debug|Any CPU
		{420230F5-9D35-42E3-8A73-30E5B1E46EA7}.Debug|Any CPU.Deploy.0 = Debug|Any CPU
		{420230F5-9D35-42E3-8A73-30E5B1E46EA7}.Release|Any CPU.ActiveCfg = Release|Any CPU
		{420230F5-9D35-42E3-8A73-30E5B1E46EA7}.Release|Any CPU.Build.0 = Release|Any CPU
		{420230F5-9D35-42E3-8A73-30E5B1E46EA7}.Release|Any CPU.Deploy.0 = Release|Any CPU
		{AB72D98B-A2D0-4CF2-B53D-A057D96BFCDA}.Debug|Any CPU.ActiveCfg = Debug|Any CPU
		{AB72D98B-A2D0-4CF2-B53D-A057D96BFCDA}.Debug|Any CPU.Build.0 = Debug|Any CPU
		{AB72D98B-A2D0-4CF2-B53D-A057D96BFCDA}.Debug|Any CPU.Deploy.0 = Debug|Any CPU
		{AB72D98B-A2D0-4CF2-B53D-A057D96BFCDA}.Release|Any CPU.ActiveCfg = Release|Any CPU
		{AB72D98B-A2D0-4CF2-B53D-A057D96BFCDA}.Release|Any CPU.Build.0 = Release|Any CPU
		{AB72D98B-A2D0-4CF2-B53D-A057D96BFCDA}.Release|Any CPU.Deploy.0 = Release|Any CPU
		{E9850C0E-29D9-4681-8887-2367A35E8ADB}.Debug|Any CPU.ActiveCfg = Debug|Any CPU
		{E9850C0E-29D9-4681-8887-2367A35E8ADB}.Debug|Any CPU.Build.0 = Debug|Any CPU
		{E9850C0E-29D9-4681-8887-2367A35E8ADB}.Debug|Any CPU.Deploy.0 = Debug|Any CPU
		{E9850C0E-29D9-4681-8887-2367A35E8ADB}.Release|Any CPU.ActiveCfg = Release|Any CPU
		{E9850C0E-29D9-4681-8887-2367A35E8ADB}.Release|Any CPU.Build.0 = Release|Any CPU
		{E9850C0E-29D9-4681-8887-2367A35E8ADB}.Release|Any CPU.Deploy.0 = Release|Any CPU
		{6C419100-8AA6-49D4-8FBC-5341389EE356}.Debug|Any CPU.ActiveCfg = Debug|Any CPU
		{6C419100-8AA6-49D4-8FBC-5341389EE356}.Debug|Any CPU.Build.0 = Debug|Any CPU
		{6C419100-8AA6-49D4-8FBC-5341389EE356}.Debug|Any CPU.Deploy.0 = Debug|Any CPU
		{6C419100-8AA6-49D4-8FBC-5341389EE356}.Release|Any CPU.ActiveCfg = Release|Any CPU
		{6C419100-8AA6-49D4-8FBC-5341389EE356}.Release|Any CPU.Build.0 = Release|Any CPU
		{6C419100-8AA6-49D4-8FBC-5341389EE356}.Release|Any CPU.Deploy.0 = Release|Any CPU
		{70546FE5-A32D-4045-8E54-555F7B612825}.Debug|Any CPU.ActiveCfg = Debug|Any CPU
		{70546FE5-A32D-4045-8E54-555F7B612825}.Debug|Any CPU.Build.0 = Debug|Any CPU
		{70546FE5-A32D-4045-8E54-555F7B612825}.Debug|Any CPU.Deploy.0 = Debug|Any CPU
		{70546FE5-A32D-4045-8E54-555F7B612825}.Release|Any CPU.ActiveCfg = Release|Any CPU
		{70546FE5-A32D-4045-8E54-555F7B612825}.Release|Any CPU.Build.0 = Release|Any CPU
		{70546FE5-A32D-4045-8E54-555F7B612825}.Release|Any CPU.Deploy.0 = Release|Any CPU
		{48DEEE7B-FA84-41F8-8BAE-84A8061B91D5}.Debug|Any CPU.ActiveCfg = Debug|Any CPU
		{48DEEE7B-FA84-41F8-8BAE-84A8061B91D5}.Debug|Any CPU.Build.0 = Debug|Any CPU
		{48DEEE7B-FA84-41F8-8BAE-84A8061B91D5}.Debug|Any CPU.Deploy.0 = Debug|Any CPU
		{48DEEE7B-FA84-41F8-8BAE-84A8061B91D5}.Release|Any CPU.ActiveCfg = Release|Any CPU
		{48DEEE7B-FA84-41F8-8BAE-84A8061B91D5}.Release|Any CPU.Build.0 = Release|Any CPU
		{48DEEE7B-FA84-41F8-8BAE-84A8061B91D5}.Release|Any CPU.Deploy.0 = Release|Any CPU
		{708A8542-6251-468F-9357-5D781A8D6130}.Debug|Any CPU.ActiveCfg = Debug|Any CPU
		{708A8542-6251-468F-9357-5D781A8D6130}.Debug|Any CPU.Build.0 = Debug|Any CPU
		{708A8542-6251-468F-9357-5D781A8D6130}.Debug|Any CPU.Deploy.0 = Debug|Any CPU
		{708A8542-6251-468F-9357-5D781A8D6130}.Release|Any CPU.ActiveCfg = Release|Any CPU
		{708A8542-6251-468F-9357-5D781A8D6130}.Release|Any CPU.Build.0 = Release|Any CPU
		{708A8542-6251-468F-9357-5D781A8D6130}.Release|Any CPU.Deploy.0 = Release|Any CPU
		{2D1BC713-EBC9-4521-93FD-D776D200895A}.Debug|Any CPU.ActiveCfg = Debug|Any CPU
		{2D1BC713-EBC9-4521-93FD-D776D200895A}.Debug|Any CPU.Build.0 = Debug|Any CPU
		{2D1BC713-EBC9-4521-93FD-D776D200895A}.Debug|Any CPU.Deploy.0 = Debug|Any CPU
		{2D1BC713-EBC9-4521-93FD-D776D200895A}.Release|Any CPU.ActiveCfg = Release|Any CPU
		{2D1BC713-EBC9-4521-93FD-D776D200895A}.Release|Any CPU.Build.0 = Release|Any CPU
		{2D1BC713-EBC9-4521-93FD-D776D200895A}.Release|Any CPU.Deploy.0 = Release|Any CPU
		{38EE872D-23F9-4EC8-BD48-0A80A99665FE}.Debug|Any CPU.ActiveCfg = Debug|Any CPU
		{38EE872D-23F9-4EC8-BD48-0A80A99665FE}.Debug|Any CPU.Build.0 = Debug|Any CPU
		{38EE872D-23F9-4EC8-BD48-0A80A99665FE}.Debug|Any CPU.Deploy.0 = Debug|Any CPU
		{38EE872D-23F9-4EC8-BD48-0A80A99665FE}.Release|Any CPU.ActiveCfg = Release|Any CPU
		{38EE872D-23F9-4EC8-BD48-0A80A99665FE}.Release|Any CPU.Build.0 = Release|Any CPU
		{38EE872D-23F9-4EC8-BD48-0A80A99665FE}.Release|Any CPU.Deploy.0 = Release|Any CPU
		{14DA8542-177B-482F-9F26-758B782EE6DC}.Debug|Any CPU.ActiveCfg = Debug|Any CPU
		{14DA8542-177B-482F-9F26-758B782EE6DC}.Debug|Any CPU.Build.0 = Debug|Any CPU
		{14DA8542-177B-482F-9F26-758B782EE6DC}.Debug|Any CPU.Deploy.0 = Debug|Any CPU
		{14DA8542-177B-482F-9F26-758B782EE6DC}.Release|Any CPU.ActiveCfg = Release|Any CPU
		{14DA8542-177B-482F-9F26-758B782EE6DC}.Release|Any CPU.Build.0 = Release|Any CPU
		{14DA8542-177B-482F-9F26-758B782EE6DC}.Release|Any CPU.Deploy.0 = Release|Any CPU
		{3855C026-7F29-4E3C-99EB-AD22A073919B}.Debug|Any CPU.ActiveCfg = Debug|Any CPU
		{3855C026-7F29-4E3C-99EB-AD22A073919B}.Debug|Any CPU.Build.0 = Debug|Any CPU
		{3855C026-7F29-4E3C-99EB-AD22A073919B}.Debug|Any CPU.Deploy.0 = Debug|Any CPU
		{3855C026-7F29-4E3C-99EB-AD22A073919B}.Release|Any CPU.ActiveCfg = Release|Any CPU
		{3855C026-7F29-4E3C-99EB-AD22A073919B}.Release|Any CPU.Build.0 = Release|Any CPU
		{3855C026-7F29-4E3C-99EB-AD22A073919B}.Release|Any CPU.Deploy.0 = Release|Any CPU
		{FF7AC0C5-49D2-409D-80F3-4B92F7972A49}.Debug|Any CPU.ActiveCfg = Debug|Any CPU
		{FF7AC0C5-49D2-409D-80F3-4B92F7972A49}.Debug|Any CPU.Build.0 = Debug|Any CPU
		{FF7AC0C5-49D2-409D-80F3-4B92F7972A49}.Release|Any CPU.ActiveCfg = Release|Any CPU
		{FF7AC0C5-49D2-409D-80F3-4B92F7972A49}.Release|Any CPU.Build.0 = Release|Any CPU
	EndGlobalSection
	GlobalSection(SolutionProperties) = preSolution
		HideSolutionNode = FALSE
	EndGlobalSection
EndGlobal
